
Microsoft Visual Studio Solution File, Format Version 12.00
# Visual Studio Version 17
VisualStudioVersion = 17.13.35825.156 d17.13
MinimumVisualStudioVersion = 10.0.40219.1
Project("{FAE04EC0-301F-11D3-BF4B-00C04F79EFBC}") = "BackendGroup", "BackendGroup\BackendGroup.csproj", "{2516DEFE-93BD-4D4E-90A5-47534BCE085E}"
EndProject
Global
	GlobalSection(SolutionConfigurationPlatforms) = preSolution
		Debug|Any CPU = Debug|Any CPU
		Release|Any CPU = Release|Any CPU
	EndGlobalSection
	GlobalSection(ProjectConfigurationPlatforms) = postSolution
		{2516DEFE-93BD-4D4E-90A5-47534BCE085E}.Debug|Any CPU.ActiveCfg = Debug|Any CPU
		{2516DEFE-93BD-4D4E-90A5-47534BCE085E}.Debug|Any CPU.Build.0 = Debug|Any CPU
		{2516DEFE-93BD-4D4E-90A5-47534BCE085E}.Release|Any CPU.ActiveCfg = Release|Any CPU
		{2516DEFE-93BD-4D4E-90A5-47534BCE085E}.Release|Any CPU.Build.0 = Release|Any CPU
	EndGlobalSection
	GlobalSection(SolutionProperties) = preSolution
		HideSolutionNode = FALSE
	EndGlobalSection
	GlobalSection(ExtensibilityGlobals) = postSolution
		SolutionGuid = {692ECFD9-2988-497E-BC97-2E38E32775A4}
	EndGlobalSection
EndGlobal
